// !$*UTF8*$!
{
	archiveVersion = 1;
	classes = {
	};
	objectVersion = 55;
	objects = {

/* Begin PBXBuildFile section */
		006D14FD27F0777800D024FB /* AppDelegate.swift in Sources */ = {isa = PBXBuildFile; fileRef = 006D14FC27F0777800D024FB /* AppDelegate.swift */; };
		006D14FF27F0777800D024FB /* SceneDelegate.swift in Sources */ = {isa = PBXBuildFile; fileRef = 006D14FE27F0777800D024FB /* SceneDelegate.swift */; };
		006D150127F0777800D024FB /* ViewController.swift in Sources */ = {isa = PBXBuildFile; fileRef = 006D150027F0777800D024FB /* ViewController.swift */; };
		006D150427F0777800D024FB /* Main.storyboard in Resources */ = {isa = PBXBuildFile; fileRef = 006D150227F0777800D024FB /* Main.storyboard */; };
		006D150627F0777800D024FB /* Assets.xcassets in Resources */ = {isa = PBXBuildFile; fileRef = 006D150527F0777800D024FB /* Assets.xcassets */; };
		006D150927F0777800D024FB /* LaunchScreen.storyboard in Resources */ = {isa = PBXBuildFile; fileRef = 006D150727F0777800D024FB /* LaunchScreen.storyboard */; };
		006D151227F07A5400D024FB /* HTTPRequest.swift in Sources */ = {isa = PBXBuildFile; fileRef = 006D151127F07A5400D024FB /* HTTPRequest.swift */; };
		006D151427F07AA600D024FB /* HTTPPathPattern.swift in Sources */ = {isa = PBXBuildFile; fileRef = 006D151327F07AA600D024FB /* HTTPPathPattern.swift */; };
		006D151627F07C8900D024FB /* CollectionStatsHTTPRequest.swift in Sources */ = {isa = PBXBuildFile; fileRef = 006D151527F07C8900D024FB /* CollectionStatsHTTPRequest.swift */; };
		006D151827F07D7F00D024FB /* Constants.swift in Sources */ = {isa = PBXBuildFile; fileRef = 006D151727F07D7F00D024FB /* Constants.swift */; };
		006D151A27F0808C00D024FB /* NetworkAssembly.swift in Sources */ = {isa = PBXBuildFile; fileRef = 006D151927F0808C00D024FB /* NetworkAssembly.swift */; };
		006D151E27F0827300D024FB /* URLRequestBuilder.swift in Sources */ = {isa = PBXBuildFile; fileRef = 006D151D27F0827300D024FB /* URLRequestBuilder.swift */; };
		006D152027F088E500D024FB /* BackendRequestExecutor.swift in Sources */ = {isa = PBXBuildFile; fileRef = 006D151F27F088E500D024FB /* BackendRequestExecutor.swift */; };
		006D152227F0892D00D024FB /* URLRequestExecutor.swift in Sources */ = {isa = PBXBuildFile; fileRef = 006D152127F0892D00D024FB /* URLRequestExecutor.swift */; };
		006D152627F0899200D024FB /* ResponseMapper.swift in Sources */ = {isa = PBXBuildFile; fileRef = 006D152527F0899200D024FB /* ResponseMapper.swift */; };
		006D152C27F08AF200D024FB /* URLResponseErrorHandler.swift in Sources */ = {isa = PBXBuildFile; fileRef = 006D152B27F08AF200D024FB /* URLResponseErrorHandler.swift */; };
		006D152F27F08D8300D024FB /* CollectionService.swift in Sources */ = {isa = PBXBuildFile; fileRef = 006D152E27F08D8300D024FB /* CollectionService.swift */; };
		006D153127F08DF000D024FB /* CollectionStats.swift in Sources */ = {isa = PBXBuildFile; fileRef = 006D153027F08DF000D024FB /* CollectionStats.swift */; };
		006D153327F0910900D024FB /* ServiceAssembly.swift in Sources */ = {isa = PBXBuildFile; fileRef = 006D153227F0910900D024FB /* ServiceAssembly.swift */; };
		727106F879B9C7E901A7FB23 /* Pods_TrackerNFT.framework in Frameworks */ = {isa = PBXBuildFile; fileRef = F2CEC4C474A0272FFF7442BD /* Pods_TrackerNFT.framework */; };
/* End PBXBuildFile section */

/* Begin PBXFileReference section */
		006D14F927F0777800D024FB /* TrackerNFT.app */ = {isa = PBXFileReference; explicitFileType = wrapper.application; includeInIndex = 0; path = TrackerNFT.app; sourceTree = BUILT_PRODUCTS_DIR; };
		006D14FC27F0777800D024FB /* AppDelegate.swift */ = {isa = PBXFileReference; lastKnownFileType = sourcecode.swift; path = AppDelegate.swift; sourceTree = "<group>"; };
		006D14FE27F0777800D024FB /* SceneDelegate.swift */ = {isa = PBXFileReference; lastKnownFileType = sourcecode.swift; path = SceneDelegate.swift; sourceTree = "<group>"; };
		006D150027F0777800D024FB /* ViewController.swift */ = {isa = PBXFileReference; lastKnownFileType = sourcecode.swift; path = ViewController.swift; sourceTree = "<group>"; };
		006D150327F0777800D024FB /* Base */ = {isa = PBXFileReference; lastKnownFileType = file.storyboard; name = Base; path = Base.lproj/Main.storyboard; sourceTree = "<group>"; };
		006D150527F0777800D024FB /* Assets.xcassets */ = {isa = PBXFileReference; lastKnownFileType = folder.assetcatalog; path = Assets.xcassets; sourceTree = "<group>"; };
		006D150827F0777800D024FB /* Base */ = {isa = PBXFileReference; lastKnownFileType = file.storyboard; name = Base; path = Base.lproj/LaunchScreen.storyboard; sourceTree = "<group>"; };
		006D150A27F0777800D024FB /* Info.plist */ = {isa = PBXFileReference; lastKnownFileType = text.plist.xml; path = Info.plist; sourceTree = "<group>"; };
		006D151127F07A5400D024FB /* HTTPRequest.swift */ = {isa = PBXFileReference; lastKnownFileType = sourcecode.swift; path = HTTPRequest.swift; sourceTree = "<group>"; };
		006D151327F07AA600D024FB /* HTTPPathPattern.swift */ = {isa = PBXFileReference; lastKnownFileType = sourcecode.swift; path = HTTPPathPattern.swift; sourceTree = "<group>"; };
		006D151527F07C8900D024FB /* CollectionStatsHTTPRequest.swift */ = {isa = PBXFileReference; lastKnownFileType = sourcecode.swift; path = CollectionStatsHTTPRequest.swift; sourceTree = "<group>"; };
		006D151727F07D7F00D024FB /* Constants.swift */ = {isa = PBXFileReference; lastKnownFileType = sourcecode.swift; path = Constants.swift; sourceTree = "<group>"; };
		006D151927F0808C00D024FB /* NetworkAssembly.swift */ = {isa = PBXFileReference; lastKnownFileType = sourcecode.swift; path = NetworkAssembly.swift; sourceTree = "<group>"; };
		006D151D27F0827300D024FB /* URLRequestBuilder.swift */ = {isa = PBXFileReference; lastKnownFileType = sourcecode.swift; path = URLRequestBuilder.swift; sourceTree = "<group>"; };
		006D151F27F088E500D024FB /* BackendRequestExecutor.swift */ = {isa = PBXFileReference; lastKnownFileType = sourcecode.swift; path = BackendRequestExecutor.swift; sourceTree = "<group>"; };
		006D152127F0892D00D024FB /* URLRequestExecutor.swift */ = {isa = PBXFileReference; lastKnownFileType = sourcecode.swift; path = URLRequestExecutor.swift; sourceTree = "<group>"; };
		006D152527F0899200D024FB /* ResponseMapper.swift */ = {isa = PBXFileReference; lastKnownFileType = sourcecode.swift; path = ResponseMapper.swift; sourceTree = "<group>"; };
		006D152B27F08AF200D024FB /* URLResponseErrorHandler.swift */ = {isa = PBXFileReference; lastKnownFileType = sourcecode.swift; path = URLResponseErrorHandler.swift; sourceTree = "<group>"; };
		006D152E27F08D8300D024FB /* CollectionService.swift */ = {isa = PBXFileReference; lastKnownFileType = sourcecode.swift; path = CollectionService.swift; sourceTree = "<group>"; };
		006D153027F08DF000D024FB /* CollectionStats.swift */ = {isa = PBXFileReference; lastKnownFileType = sourcecode.swift; path = CollectionStats.swift; sourceTree = "<group>"; };
		006D153227F0910900D024FB /* ServiceAssembly.swift */ = {isa = PBXFileReference; lastKnownFileType = sourcecode.swift; path = ServiceAssembly.swift; sourceTree = "<group>"; };
		00CF4D6E97B3CFBE3ADF2838 /* Pods-TrackerNFT.release.xcconfig */ = {isa = PBXFileReference; includeInIndex = 1; lastKnownFileType = text.xcconfig; name = "Pods-TrackerNFT.release.xcconfig"; path = "Target Support Files/Pods-TrackerNFT/Pods-TrackerNFT.release.xcconfig"; sourceTree = "<group>"; };
		0A6E03CF231452FEEBB43946 /* Pods-TrackerNFT.debug.xcconfig */ = {isa = PBXFileReference; includeInIndex = 1; lastKnownFileType = text.xcconfig; name = "Pods-TrackerNFT.debug.xcconfig"; path = "Target Support Files/Pods-TrackerNFT/Pods-TrackerNFT.debug.xcconfig"; sourceTree = "<group>"; };
		F2CEC4C474A0272FFF7442BD /* Pods_TrackerNFT.framework */ = {isa = PBXFileReference; explicitFileType = wrapper.framework; includeInIndex = 0; path = Pods_TrackerNFT.framework; sourceTree = BUILT_PRODUCTS_DIR; };
/* End PBXFileReference section */

/* Begin PBXFrameworksBuildPhase section */
		006D14F627F0777800D024FB /* Frameworks */ = {
			isa = PBXFrameworksBuildPhase;
			buildActionMask = 2147483647;
			files = (
				727106F879B9C7E901A7FB23 /* Pods_TrackerNFT.framework in Frameworks */,
			);
			runOnlyForDeploymentPostprocessing = 0;
		};
/* End PBXFrameworksBuildPhase section */

/* Begin PBXGroup section */
		006D14F027F0777800D024FB = {
			isa = PBXGroup;
			children = (
				006D14FB27F0777800D024FB /* TrackerNFT */,
				006D14FA27F0777800D024FB /* Products */,
				881205D296E7091012CBD797 /* Pods */,
				555F6273D6B3CC81FAAD475D /* Frameworks */,
			);
			sourceTree = "<group>";
		};
		006D14FA27F0777800D024FB /* Products */ = {
			isa = PBXGroup;
			children = (
				006D14F927F0777800D024FB /* TrackerNFT.app */,
			);
			name = Products;
			sourceTree = "<group>";
		};
		006D14FB27F0777800D024FB /* TrackerNFT */ = {
			isa = PBXGroup;
			children = (
				006D14FC27F0777800D024FB /* AppDelegate.swift */,
				006D150027F0777800D024FB /* ViewController.swift */,
				006D152927F08A2F00D024FB /* Global */,
				006D152727F089AC00D024FB /* Models */,
				006D152D27F08D3D00D024FB /* Services */,
				006D151027F07A4100D024FB /* Network */,
				006D152827F08A0600D024FB /* Supporting Files */,
				006D14FE27F0777800D024FB /* SceneDelegate.swift */,
				006D150A27F0777800D024FB /* Info.plist */,
			);
			path = TrackerNFT;
			sourceTree = "<group>";
		};
		006D151027F07A4100D024FB /* Network */ = {
			isa = PBXGroup;
			children = (
				006D151927F0808C00D024FB /* NetworkAssembly.swift */,
				006D151C27F0816200D024FB /* API */,
				006D151B27F080DF00D024FB /* Requests */,
			);
			path = Network;
			sourceTree = "<group>";
		};
		006D151B27F080DF00D024FB /* Requests */ = {
			isa = PBXGroup;
			children = (
				006D151127F07A5400D024FB /* HTTPRequest.swift */,
				006D151327F07AA600D024FB /* HTTPPathPattern.swift */,
				006D151527F07C8900D024FB /* CollectionStatsHTTPRequest.swift */,
			);
			path = Requests;
			sourceTree = "<group>";
		};
		006D151C27F0816200D024FB /* API */ = {
			isa = PBXGroup;
			children = (
				006D152427F0894500D024FB /* Builder */,
				006D152A27F08AE900D024FB /* Errorhandler */,
				006D152327F0893A00D024FB /* Executor */,
				006D152527F0899200D024FB /* ResponseMapper.swift */,
			);
			path = API;
			sourceTree = "<group>";
		};
		006D152327F0893A00D024FB /* Executor */ = {
			isa = PBXGroup;
			children = (
				006D151F27F088E500D024FB /* BackendRequestExecutor.swift */,
				006D152127F0892D00D024FB /* URLRequestExecutor.swift */,
			);
			path = Executor;
			sourceTree = "<group>";
		};
		006D152427F0894500D024FB /* Builder */ = {
			isa = PBXGroup;
			children = (
				006D151D27F0827300D024FB /* URLRequestBuilder.swift */,
			);
			path = Builder;
			sourceTree = "<group>";
		};
		006D152727F089AC00D024FB /* Models */ = {
			isa = PBXGroup;
			children = (
				006D153027F08DF000D024FB /* CollectionStats.swift */,
			);
			path = Models;
			sourceTree = "<group>";
		};
		006D152827F08A0600D024FB /* Supporting Files */ = {
			isa = PBXGroup;
			children = (
				006D150227F0777800D024FB /* Main.storyboard */,
				006D150527F0777800D024FB /* Assets.xcassets */,
				006D150727F0777800D024FB /* LaunchScreen.storyboard */,
			);
			path = "Supporting Files";
			sourceTree = "<group>";
		};
		006D152927F08A2F00D024FB /* Global */ = {
			isa = PBXGroup;
			children = (
				006D151727F07D7F00D024FB /* Constants.swift */,
			);
			path = Global;
			sourceTree = "<group>";
		};
		006D152A27F08AE900D024FB /* Errorhandler */ = {
			isa = PBXGroup;
			children = (
				006D152B27F08AF200D024FB /* URLResponseErrorHandler.swift */,
			);
			path = Errorhandler;
			sourceTree = "<group>";
		};
		006D152D27F08D3D00D024FB /* Services */ = {
			isa = PBXGroup;
			children = (
				006D153227F0910900D024FB /* ServiceAssembly.swift */,
				006D152E27F08D8300D024FB /* CollectionService.swift */,
			);
			path = Services;
			sourceTree = "<group>";
		};
		555F6273D6B3CC81FAAD475D /* Frameworks */ = {
			isa = PBXGroup;
			children = (
				F2CEC4C474A0272FFF7442BD /* Pods_TrackerNFT.framework */,
			);
			name = Frameworks;
			sourceTree = "<group>";
		};
		881205D296E7091012CBD797 /* Pods */ = {
			isa = PBXGroup;
			children = (
				0A6E03CF231452FEEBB43946 /* Pods-TrackerNFT.debug.xcconfig */,
				00CF4D6E97B3CFBE3ADF2838 /* Pods-TrackerNFT.release.xcconfig */,
			);
			path = Pods;
			sourceTree = "<group>";
		};
/* End PBXGroup section */

/* Begin PBXNativeTarget section */
		006D14F827F0777800D024FB /* TrackerNFT */ = {
			isa = PBXNativeTarget;
			buildConfigurationList = 006D150D27F0777800D024FB /* Build configuration list for PBXNativeTarget "TrackerNFT" */;
			buildPhases = (
				16430B3F56D81483CE02CD68 /* [CP] Check Pods Manifest.lock */,
				006D14F527F0777800D024FB /* Sources */,
				006D14F627F0777800D024FB /* Frameworks */,
				006D14F727F0777800D024FB /* Resources */,
				378DDF9A36F808F042DFB17E /* [CP] Embed Pods Frameworks */,
			);
			buildRules = (
			);
			dependencies = (
			);
			name = TrackerNFT;
			productName = TrackerNFT;
			productReference = 006D14F927F0777800D024FB /* TrackerNFT.app */;
			productType = "com.apple.product-type.application";
		};
/* End PBXNativeTarget section */

/* Begin PBXProject section */
		006D14F127F0777800D024FB /* Project object */ = {
			isa = PBXProject;
			attributes = {
				BuildIndependentTargetsInParallel = 1;
				LastSwiftUpdateCheck = 1320;
				LastUpgradeCheck = 1320;
				TargetAttributes = {
					006D14F827F0777800D024FB = {
						CreatedOnToolsVersion = 13.2.1;
					};
				};
			};
			buildConfigurationList = 006D14F427F0777800D024FB /* Build configuration list for PBXProject "TrackerNFT" */;
			compatibilityVersion = "Xcode 13.0";
			developmentRegion = en;
			hasScannedForEncodings = 0;
			knownRegions = (
				en,
				Base,
			);
			mainGroup = 006D14F027F0777800D024FB;
			productRefGroup = 006D14FA27F0777800D024FB /* Products */;
			projectDirPath = "";
			projectRoot = "";
			targets = (
				006D14F827F0777800D024FB /* TrackerNFT */,
			);
		};
/* End PBXProject section */

/* Begin PBXResourcesBuildPhase section */
		006D14F727F0777800D024FB /* Resources */ = {
			isa = PBXResourcesBuildPhase;
			buildActionMask = 2147483647;
			files = (
				006D150927F0777800D024FB /* LaunchScreen.storyboard in Resources */,
				006D150627F0777800D024FB /* Assets.xcassets in Resources */,
				006D150427F0777800D024FB /* Main.storyboard in Resources */,
			);
			runOnlyForDeploymentPostprocessing = 0;
		};
/* End PBXResourcesBuildPhase section */

/* Begin PBXShellScriptBuildPhase section */
		16430B3F56D81483CE02CD68 /* [CP] Check Pods Manifest.lock */ = {
			isa = PBXShellScriptBuildPhase;
			buildActionMask = 2147483647;
			files = (
			);
			inputFileListPaths = (
			);
			inputPaths = (
				"${PODS_PODFILE_DIR_PATH}/Podfile.lock",
				"${PODS_ROOT}/Manifest.lock",
			);
			name = "[CP] Check Pods Manifest.lock";
			outputFileListPaths = (
			);
			outputPaths = (
				"$(DERIVED_FILE_DIR)/Pods-TrackerNFT-checkManifestLockResult.txt",
			);
			runOnlyForDeploymentPostprocessing = 0;
			shellPath = /bin/sh;
			shellScript = "diff \"${PODS_PODFILE_DIR_PATH}/Podfile.lock\" \"${PODS_ROOT}/Manifest.lock\" > /dev/null\nif [ $? != 0 ] ; then\n    # print error to STDERR\n    echo \"error: The sandbox is not in sync with the Podfile.lock. Run 'pod install' or update your CocoaPods installation.\" >&2\n    exit 1\nfi\n# This output is used by Xcode 'outputs' to avoid re-running this script phase.\necho \"SUCCESS\" > \"${SCRIPT_OUTPUT_FILE_0}\"\n";
			showEnvVarsInLog = 0;
		};
		378DDF9A36F808F042DFB17E /* [CP] Embed Pods Frameworks */ = {
			isa = PBXShellScriptBuildPhase;
			buildActionMask = 2147483647;
			files = (
			);
			inputFileListPaths = (
				"${PODS_ROOT}/Target Support Files/Pods-TrackerNFT/Pods-TrackerNFT-frameworks-${CONFIGURATION}-input-files.xcfilelist",
			);
			name = "[CP] Embed Pods Frameworks";
			outputFileListPaths = (
				"${PODS_ROOT}/Target Support Files/Pods-TrackerNFT/Pods-TrackerNFT-frameworks-${CONFIGURATION}-output-files.xcfilelist",
			);
			runOnlyForDeploymentPostprocessing = 0;
			shellPath = /bin/sh;
			shellScript = "\"${PODS_ROOT}/Target Support Files/Pods-TrackerNFT/Pods-TrackerNFT-frameworks.sh\"\n";
			showEnvVarsInLog = 0;
		};
/* End PBXShellScriptBuildPhase section */

/* Begin PBXSourcesBuildPhase section */
		006D14F527F0777800D024FB /* Sources */ = {
			isa = PBXSourcesBuildPhase;
			buildActionMask = 2147483647;
			files = (
				006D151627F07C8900D024FB /* CollectionStatsHTTPRequest.swift in Sources */,
				006D153327F0910900D024FB /* ServiceAssembly.swift in Sources */,
				006D152027F088E500D024FB /* BackendRequestExecutor.swift in Sources */,
				006D152227F0892D00D024FB /* URLRequestExecutor.swift in Sources */,
				006D152F27F08D8300D024FB /* CollectionService.swift in Sources */,
				006D152627F0899200D024FB /* ResponseMapper.swift in Sources */,
				006D152C27F08AF200D024FB /* URLResponseErrorHandler.swift in Sources */,
				006D151427F07AA600D024FB /* HTTPPathPattern.swift in Sources */,
				006D151E27F0827300D024FB /* URLRequestBuilder.swift in Sources */,
				006D151A27F0808C00D024FB /* NetworkAssembly.swift in Sources */,
				006D153127F08DF000D024FB /* CollectionStats.swift in Sources */,
				006D150127F0777800D024FB /* ViewController.swift in Sources */,
				006D151227F07A5400D024FB /* HTTPRequest.swift in Sources */,
				006D151827F07D7F00D024FB /* Constants.swift in Sources */,
				006D14FD27F0777800D024FB /* AppDelegate.swift in Sources */,
				006D14FF27F0777800D024FB /* SceneDelegate.swift in Sources */,
			);
			runOnlyForDeploymentPostprocessing = 0;
		};
/* End PBXSourcesBuildPhase section */

/* Begin PBXVariantGroup section */
		006D150227F0777800D024FB /* Main.storyboard */ = {
			isa = PBXVariantGroup;
			children = (
				006D150327F0777800D024FB /* Base */,
			);
			name = Main.storyboard;
			sourceTree = "<group>";
		};
		006D150727F0777800D024FB /* LaunchScreen.storyboard */ = {
			isa = PBXVariantGroup;
			children = (
				006D150827F0777800D024FB /* Base */,
			);
			name = LaunchScreen.storyboard;
			sourceTree = "<group>";
		};
/* End PBXVariantGroup section */

/* Begin XCBuildConfiguration section */
		006D150B27F0777800D024FB /* Debug */ = {
			isa = XCBuildConfiguration;
			buildSettings = {
				ALWAYS_SEARCH_USER_PATHS = NO;
				CLANG_ANALYZER_NONNULL = YES;
				CLANG_ANALYZER_NUMBER_OBJECT_CONVERSION = YES_AGGRESSIVE;
				CLANG_CXX_LANGUAGE_STANDARD = "gnu++17";
				CLANG_CXX_LIBRARY = "libc++";
				CLANG_ENABLE_MODULES = YES;
				CLANG_ENABLE_OBJC_ARC = YES;
				CLANG_ENABLE_OBJC_WEAK = YES;
				CLANG_WARN_BLOCK_CAPTURE_AUTORELEASING = YES;
				CLANG_WARN_BOOL_CONVERSION = YES;
				CLANG_WARN_COMMA = YES;
				CLANG_WARN_CONSTANT_CONVERSION = YES;
				CLANG_WARN_DEPRECATED_OBJC_IMPLEMENTATIONS = YES;
				CLANG_WARN_DIRECT_OBJC_ISA_USAGE = YES_ERROR;
				CLANG_WARN_DOCUMENTATION_COMMENTS = YES;
				CLANG_WARN_EMPTY_BODY = YES;
				CLANG_WARN_ENUM_CONVERSION = YES;
				CLANG_WARN_INFINITE_RECURSION = YES;
				CLANG_WARN_INT_CONVERSION = YES;
				CLANG_WARN_NON_LITERAL_NULL_CONVERSION = YES;
				CLANG_WARN_OBJC_IMPLICIT_RETAIN_SELF = YES;
				CLANG_WARN_OBJC_LITERAL_CONVERSION = YES;
				CLANG_WARN_OBJC_ROOT_CLASS = YES_ERROR;
				CLANG_WARN_QUOTED_INCLUDE_IN_FRAMEWORK_HEADER = YES;
				CLANG_WARN_RANGE_LOOP_ANALYSIS = YES;
				CLANG_WARN_STRICT_PROTOTYPES = YES;
				CLANG_WARN_SUSPICIOUS_MOVE = YES;
				CLANG_WARN_UNGUARDED_AVAILABILITY = YES_AGGRESSIVE;
				CLANG_WARN_UNREACHABLE_CODE = YES;
				CLANG_WARN__DUPLICATE_METHOD_MATCH = YES;
				COPY_PHASE_STRIP = NO;
				DEBUG_INFORMATION_FORMAT = dwarf;
				ENABLE_STRICT_OBJC_MSGSEND = YES;
				ENABLE_TESTABILITY = YES;
				GCC_C_LANGUAGE_STANDARD = gnu11;
				GCC_DYNAMIC_NO_PIC = NO;
				GCC_NO_COMMON_BLOCKS = YES;
				GCC_OPTIMIZATION_LEVEL = 0;
				GCC_PREPROCESSOR_DEFINITIONS = (
					"DEBUG=1",
					"$(inherited)",
				);
				GCC_WARN_64_TO_32_BIT_CONVERSION = YES;
				GCC_WARN_ABOUT_RETURN_TYPE = YES_ERROR;
				GCC_WARN_UNDECLARED_SELECTOR = YES;
				GCC_WARN_UNINITIALIZED_AUTOS = YES_AGGRESSIVE;
				GCC_WARN_UNUSED_FUNCTION = YES;
				GCC_WARN_UNUSED_VARIABLE = YES;
				IPHONEOS_DEPLOYMENT_TARGET = 13.0;
				MTL_ENABLE_DEBUG_INFO = INCLUDE_SOURCE;
				MTL_FAST_MATH = YES;
				ONLY_ACTIVE_ARCH = YES;
				SDKROOT = iphoneos;
				SWIFT_ACTIVE_COMPILATION_CONDITIONS = DEBUG;
				SWIFT_OPTIMIZATION_LEVEL = "-Onone";
			};
			name = Debug;
		};
		006D150C27F0777800D024FB /* Release */ = {
			isa = XCBuildConfiguration;
			buildSettings = {
				ALWAYS_SEARCH_USER_PATHS = NO;
				CLANG_ANALYZER_NONNULL = YES;
				CLANG_ANALYZER_NUMBER_OBJECT_CONVERSION = YES_AGGRESSIVE;
				CLANG_CXX_LANGUAGE_STANDARD = "gnu++17";
				CLANG_CXX_LIBRARY = "libc++";
				CLANG_ENABLE_MODULES = YES;
				CLANG_ENABLE_OBJC_ARC = YES;
				CLANG_ENABLE_OBJC_WEAK = YES;
				CLANG_WARN_BLOCK_CAPTURE_AUTORELEASING = YES;
				CLANG_WARN_BOOL_CONVERSION = YES;
				CLANG_WARN_COMMA = YES;
				CLANG_WARN_CONSTANT_CONVERSION = YES;
				CLANG_WARN_DEPRECATED_OBJC_IMPLEMENTATIONS = YES;
				CLANG_WARN_DIRECT_OBJC_ISA_USAGE = YES_ERROR;
				CLANG_WARN_DOCUMENTATION_COMMENTS = YES;
				CLANG_WARN_EMPTY_BODY = YES;
				CLANG_WARN_ENUM_CONVERSION = YES;
				CLANG_WARN_INFINITE_RECURSION = YES;
				CLANG_WARN_INT_CONVERSION = YES;
				CLANG_WARN_NON_LITERAL_NULL_CONVERSION = YES;
				CLANG_WARN_OBJC_IMPLICIT_RETAIN_SELF = YES;
				CLANG_WARN_OBJC_LITERAL_CONVERSION = YES;
				CLANG_WARN_OBJC_ROOT_CLASS = YES_ERROR;
				CLANG_WARN_QUOTED_INCLUDE_IN_FRAMEWORK_HEADER = YES;
				CLANG_WARN_RANGE_LOOP_ANALYSIS = YES;
				CLANG_WARN_STRICT_PROTOTYPES = YES;
				CLANG_WARN_SUSPICIOUS_MOVE = YES;
				CLANG_WARN_UNGUARDED_AVAILABILITY = YES_AGGRESSIVE;
				CLANG_WARN_UNREACHABLE_CODE = YES;
				CLANG_WARN__DUPLICATE_METHOD_MATCH = YES;
				COPY_PHASE_STRIP = NO;
				DEBUG_INFORMATION_FORMAT = "dwarf-with-dsym";
				ENABLE_NS_ASSERTIONS = NO;
				ENABLE_STRICT_OBJC_MSGSEND = YES;
				GCC_C_LANGUAGE_STANDARD = gnu11;
				GCC_NO_COMMON_BLOCKS = YES;
				GCC_WARN_64_TO_32_BIT_CONVERSION = YES;
				GCC_WARN_ABOUT_RETURN_TYPE = YES_ERROR;
				GCC_WARN_UNDECLARED_SELECTOR = YES;
				GCC_WARN_UNINITIALIZED_AUTOS = YES_AGGRESSIVE;
				GCC_WARN_UNUSED_FUNCTION = YES;
				GCC_WARN_UNUSED_VARIABLE = YES;
				IPHONEOS_DEPLOYMENT_TARGET = 13.0;
				MTL_ENABLE_DEBUG_INFO = NO;
				MTL_FAST_MATH = YES;
				SDKROOT = iphoneos;
				SWIFT_COMPILATION_MODE = wholemodule;
				SWIFT_OPTIMIZATION_LEVEL = "-O";
				VALIDATE_PRODUCT = YES;
			};
			name = Release;
		};
		006D150E27F0777800D024FB /* Debug */ = {
			isa = XCBuildConfiguration;
			baseConfigurationReference = 0A6E03CF231452FEEBB43946 /* Pods-TrackerNFT.debug.xcconfig */;
			buildSettings = {
				ASSETCATALOG_COMPILER_APPICON_NAME = AppIcon;
				ASSETCATALOG_COMPILER_GLOBAL_ACCENT_COLOR_NAME = AccentColor;
				CODE_SIGN_STYLE = Automatic;
				CURRENT_PROJECT_VERSION = 1;
				DEVELOPMENT_TEAM = XCX28JQZBS;
				GENERATE_INFOPLIST_FILE = YES;
				INFOPLIST_FILE = TrackerNFT/Info.plist;
				INFOPLIST_KEY_CFBundleDisplayName = "NFT tracker";
				INFOPLIST_KEY_UIApplicationSupportsIndirectInputEvents = YES;
				INFOPLIST_KEY_UILaunchStoryboardName = LaunchScreen;
				INFOPLIST_KEY_UIMainStoryboardFile = Main;
				INFOPLIST_KEY_UISupportedInterfaceOrientations_iPad = "UIInterfaceOrientationPortrait UIInterfaceOrientationPortraitUpsideDown UIInterfaceOrientationLandscapeLeft UIInterfaceOrientationLandscapeRight";
				INFOPLIST_KEY_UISupportedInterfaceOrientations_iPhone = "UIInterfaceOrientationPortrait UIInterfaceOrientationLandscapeLeft UIInterfaceOrientationLandscapeRight";
				LD_RUNPATH_SEARCH_PATHS = (
					"$(inherited)",
					"@executable_path/Frameworks",
				);
				MARKETING_VERSION = 1.0;
				PRODUCT_BUNDLE_IDENTIFIER = com.koalis.app.TrackerNFT;
				PRODUCT_NAME = "$(TARGET_NAME)";
				SWIFT_EMIT_LOC_STRINGS = YES;
				SWIFT_VERSION = 5.0;
				TARGETED_DEVICE_FAMILY = "1,2";
			};
			name = Debug;
		};
		006D150F27F0777800D024FB /* Release */ = {
			isa = XCBuildConfiguration;
			baseConfigurationReference = 00CF4D6E97B3CFBE3ADF2838 /* Pods-TrackerNFT.release.xcconfig */;
			buildSettings = {
				ASSETCATALOG_COMPILER_APPICON_NAME = AppIcon;
				ASSETCATALOG_COMPILER_GLOBAL_ACCENT_COLOR_NAME = AccentColor;
				CODE_SIGN_STYLE = Automatic;
				CURRENT_PROJECT_VERSION = 1;
				DEVELOPMENT_TEAM = XCX28JQZBS;
				GENERATE_INFOPLIST_FILE = YES;
				INFOPLIST_FILE = TrackerNFT/Info.plist;
				INFOPLIST_KEY_CFBundleDisplayName = "NFT tracker";
				INFOPLIST_KEY_UIApplicationSupportsIndirectInputEvents = YES;
				INFOPLIST_KEY_UILaunchStoryboardName = LaunchScreen;
				INFOPLIST_KEY_UIMainStoryboardFile = Main;
				INFOPLIST_KEY_UISupportedInterfaceOrientations_iPad = "UIInterfaceOrientationPortrait UIInterfaceOrientationPortraitUpsideDown UIInterfaceOrientationLandscapeLeft UIInterfaceOrientationLandscapeRight";
				INFOPLIST_KEY_UISupportedInterfaceOrientations_iPhone = "UIInterfaceOrientationPortrait UIInterfaceOrientationLandscapeLeft UIInterfaceOrientationLandscapeRight";
				LD_RUNPATH_SEARCH_PATHS = (
					"$(inherited)",
					"@executable_path/Frameworks",
				);
				MARKETING_VERSION = 1.0;
				PRODUCT_BUNDLE_IDENTIFIER = com.koalis.app.TrackerNFT;
				PRODUCT_NAME = "$(TARGET_NAME)";
				SWIFT_EMIT_LOC_STRINGS = YES;
				SWIFT_VERSION = 5.0;
				TARGETED_DEVICE_FAMILY = "1,2";
			};
			name = Release;
		};
/* End XCBuildConfiguration section */

/* Begin XCConfigurationList section */
		006D14F427F0777800D024FB /* Build configuration list for PBXProject "TrackerNFT" */ = {
			isa = XCConfigurationList;
			buildConfigurations = (
				006D150B27F0777800D024FB /* Debug */,
				006D150C27F0777800D024FB /* Release */,
			);
			defaultConfigurationIsVisible = 0;
			defaultConfigurationName = Release;
		};
		006D150D27F0777800D024FB /* Build configuration list for PBXNativeTarget "TrackerNFT" */ = {
			isa = XCConfigurationList;
			buildConfigurations = (
				006D150E27F0777800D024FB /* Debug */,
				006D150F27F0777800D024FB /* Release */,
			);
			defaultConfigurationIsVisible = 0;
			defaultConfigurationName = Release;
		};
/* End XCConfigurationList section */
	};
	rootObject = 006D14F127F0777800D024FB /* Project object */;
}
